PODS:
  - GoogleMaps (4.0.0):
    - GoogleMaps/Maps (= 4.0.0)
  - GoogleMaps/Base (4.0.0)
  - GoogleMaps/Maps (4.0.0):
    - GoogleMaps/Base

DEPENDENCIES:
  - GoogleMaps (= 4.0.0)

SPEC REPOS:
  trunk:
    - GoogleMaps

SPEC CHECKSUMS:
  GoogleMaps: b7f7fc569a9b354a3af0d9729dbec40957b7d41e

PODFILE CHECKSUM: 5262f16134f02b9bdef37f67e3cd69172cbf81f0

COCOAPODS: 1.11.2
