PODS:
  - Alamofire (5.5.0)
  - AlamofireImage (4.2.0):
    - Alamofire (~> 5.4)
  - Cosmos (23.0.0)
  - MOLH (1.4.3)
  - TinyConstraints (4.0.2)

DEPENDENCIES:
  - AlamofireImage (~> 4.1)
  - Cosmos
  - MOLH
  - TinyConstraints

SPEC REPOS:
  trunk:
    - Alamofire
    - AlamofireImage
    - Cosmos
    - MOLH
    - TinyConstraints

SPEC CHECKSUMS:
  Alamofire: 1c4fb5369c3fe93d2857c780d8bbe09f06f97e7c
  AlamofireImage: 34a2d90b0e5fe6a5605f85ae4b7b01e784c60192
  Cosmos: b5c6a9a637e28a061b54c8f8b1d8529d7d4db73f
  MOLH: e45827d200aeb1310641090fd8cd03ad2b42ae72
  TinyConstraints: 7b7ccc0c485bb3bb47082138ff28bc33cd49897f

PODFILE CHECKSUM: cbbf2ab5ef01a624967cceebe0933faeccc7cc8b

COCOAPODS: 1.11.2
